
Microsoft Visual Studio Solution File, Format Version 12.00
# Visual Studio Version 17
VisualStudioVersion = 17.4.33205.214
MinimumVisualStudioVersion = 10.0.40219.1
Project("{9A19103F-16F7-4668-BE54-9A1E7A4F7556}") = "Blog_Core", "Blog_Core\Blog_Core.csproj", "{441A52E2-A58D-4AAC-8092-B373D15DCA52}"
EndProject
Project("{9A19103F-16F7-4668-BE54-9A1E7A4F7556}") = "Blog_Repository", "Blog_Repository\Blog_Repository.csproj", "{B9122068-A7CF-4BCF-B649-AB4FD60D3941}"
EndProject
Project("{9A19103F-16F7-4668-BE54-9A1E7A4F7556}") = "WebBlog", "WebBlog\WebBlog.csproj", "{1B732D3D-C2DE-48BF-BAB0-0A68CF57FCEB}"
	ProjectSection(ProjectDependencies) = postProject
		{B9122068-A7CF-4BCF-B649-AB4FD60D3941} = {B9122068-A7CF-4BCF-B649-AB4FD60D3941}
	EndProjectSection
EndProject
Project("{9A19103F-16F7-4668-BE54-9A1E7A4F7556}") = "BlogService", "BlogService\BlogService.csproj", "{80C3C3F5-A62B-4549-AF4E-14B5D8400DF0}"
EndProject
Global
	GlobalSection(SolutionConfigurationPlatforms) = preSolution
		Debug|Any CPU = Debug|Any CPU
		Release|Any CPU = Release|Any CPU
	EndGlobalSection
	GlobalSection(ProjectConfigurationPlatforms) = postSolution
		{441A52E2-A58D-4AAC-8092-B373D15DCA52}.Debug|Any CPU.ActiveCfg = Debug|Any CPU
		{441A52E2-A58D-4AAC-8092-B373D15DCA52}.Debug|Any CPU.Build.0 = Debug|Any CPU
		{441A52E2-A58D-4AAC-8092-B373D15DCA52}.Release|Any CPU.ActiveCfg = Release|Any CPU
		{441A52E2-A58D-4AAC-8092-B373D15DCA52}.Release|Any CPU.Build.0 = Release|Any CPU
		{B9122068-A7CF-4BCF-B649-AB4FD60D3941}.Debug|Any CPU.ActiveCfg = Debug|Any CPU
		{B9122068-A7CF-4BCF-B649-AB4FD60D3941}.Debug|Any CPU.Build.0 = Debug|Any CPU
		{B9122068-A7CF-4BCF-B649-AB4FD60D3941}.Release|Any CPU.ActiveCfg = Release|Any CPU
		{B9122068-A7CF-4BCF-B649-AB4FD60D3941}.Release|Any CPU.Build.0 = Release|Any CPU
		{1B732D3D-C2DE-48BF-BAB0-0A68CF57FCEB}.Debug|Any CPU.ActiveCfg = Debug|Any CPU
		{1B732D3D-C2DE-48BF-BAB0-0A68CF57FCEB}.Debug|Any CPU.Build.0 = Debug|Any CPU
		{1B732D3D-C2DE-48BF-BAB0-0A68CF57FCEB}.Release|Any CPU.ActiveCfg = Release|Any CPU
		{1B732D3D-C2DE-48BF-BAB0-0A68CF57FCEB}.Release|Any CPU.Build.0 = Release|Any CPU
		{80C3C3F5-A62B-4549-AF4E-14B5D8400DF0}.Debug|Any CPU.ActiveCfg = Debug|Any CPU
		{80C3C3F5-A62B-4549-AF4E-14B5D8400DF0}.Debug|Any CPU.Build.0 = Debug|Any CPU
		{80C3C3F5-A62B-4549-AF4E-14B5D8400DF0}.Release|Any CPU.ActiveCfg = Release|Any CPU
		{80C3C3F5-A62B-4549-AF4E-14B5D8400DF0}.Release|Any CPU.Build.0 = Release|Any CPU
	EndGlobalSection
	GlobalSection(SolutionProperties) = preSolution
		HideSolutionNode = FALSE
	EndGlobalSection
	GlobalSection(ExtensibilityGlobals) = postSolution
		SolutionGuid = {FE5D791E-F7C2-4FEA-92C2-BE4E5B412259}
	EndGlobalSection
EndGlobal
